
Microsoft Visual Studio Solution File, Format Version 12.00
# Visual Studio Version 16
VisualStudioVersion = 16.0.32228.343
MinimumVisualStudioVersion = 10.0.40219.1
Project("{9A19103F-16F7-4668-BE54-9A1E7A4F7556}") = "tpum", "tpum\tpum.csproj", "{2CDE7345-4740-45A1-9AA6-FBC4219DAD13}"
EndProject
Project("{9A19103F-16F7-4668-BE54-9A1E7A4F7556}") = "UnitTest", "..\UnitTest\UnitTest.csproj", "{640B57EF-C6C4-4838-9821-E8E326FCA664}"
EndProject
Project("{FAE04EC0-301F-11D3-BF4B-00C04F79EFBC}") = "DataLayer", "DataLayer\DataLayer.csproj", "{822733BE-D376-4059-AD90-3C4A004F515B}"
EndProject
Project("{FAE04EC0-301F-11D3-BF4B-00C04F79EFBC}") = "LogicLayer", "LogicLayer\LogicLayer.csproj", "{48094EB9-7857-4CE1-8958-6E17237F4A42}"
EndProject
Project("{FAE04EC0-301F-11D3-BF4B-00C04F79EFBC}") = "PresentationLayer", "PresentationLayer\PresentationLayer.csproj", "{2B2B5E59-89EA-4FE9-8F5B-4F310157CBBD}"
EndProject
Global
	GlobalSection(SolutionConfigurationPlatforms) = preSolution
		Debug|Any CPU = Debug|Any CPU
		Release|Any CPU = Release|Any CPU
	EndGlobalSection
	GlobalSection(ProjectConfigurationPlatforms) = postSolution
		{2CDE7345-4740-45A1-9AA6-FBC4219DAD13}.Debug|Any CPU.ActiveCfg = Debug|Any CPU
		{2CDE7345-4740-45A1-9AA6-FBC4219DAD13}.Debug|Any CPU.Build.0 = Debug|Any CPU
		{2CDE7345-4740-45A1-9AA6-FBC4219DAD13}.Release|Any CPU.ActiveCfg = Release|Any CPU
		{2CDE7345-4740-45A1-9AA6-FBC4219DAD13}.Release|Any CPU.Build.0 = Release|Any CPU
		{640B57EF-C6C4-4838-9821-E8E326FCA664}.Debug|Any CPU.ActiveCfg = Debug|Any CPU
		{640B57EF-C6C4-4838-9821-E8E326FCA664}.Debug|Any CPU.Build.0 = Debug|Any CPU
		{640B57EF-C6C4-4838-9821-E8E326FCA664}.Release|Any CPU.ActiveCfg = Release|Any CPU
		{640B57EF-C6C4-4838-9821-E8E326FCA664}.Release|Any CPU.Build.0 = Release|Any CPU
		{822733BE-D376-4059-AD90-3C4A004F515B}.Debug|Any CPU.ActiveCfg = Debug|Any CPU
		{822733BE-D376-4059-AD90-3C4A004F515B}.Debug|Any CPU.Build.0 = Debug|Any CPU
		{822733BE-D376-4059-AD90-3C4A004F515B}.Release|Any CPU.ActiveCfg = Release|Any CPU
		{822733BE-D376-4059-AD90-3C4A004F515B}.Release|Any CPU.Build.0 = Release|Any CPU
		{48094EB9-7857-4CE1-8958-6E17237F4A42}.Debug|Any CPU.ActiveCfg = Debug|Any CPU
		{48094EB9-7857-4CE1-8958-6E17237F4A42}.Debug|Any CPU.Build.0 = Debug|Any CPU
		{48094EB9-7857-4CE1-8958-6E17237F4A42}.Release|Any CPU.ActiveCfg = Release|Any CPU
		{48094EB9-7857-4CE1-8958-6E17237F4A42}.Release|Any CPU.Build.0 = Release|Any CPU
		{2B2B5E59-89EA-4FE9-8F5B-4F310157CBBD}.Debug|Any CPU.ActiveCfg = Debug|Any CPU
		{2B2B5E59-89EA-4FE9-8F5B-4F310157CBBD}.Debug|Any CPU.Build.0 = Debug|Any CPU
		{2B2B5E59-89EA-4FE9-8F5B-4F310157CBBD}.Release|Any CPU.ActiveCfg = Release|Any CPU
		{2B2B5E59-89EA-4FE9-8F5B-4F310157CBBD}.Release|Any CPU.Build.0 = Release|Any CPU
	EndGlobalSection
	GlobalSection(SolutionProperties) = preSolution
		HideSolutionNode = FALSE
	EndGlobalSection
	GlobalSection(ExtensibilityGlobals) = postSolution
		SolutionGuid = {3CFD0C81-2931-4DCB-91A2-1678FFD1AF34}
	EndGlobalSection
EndGlobal
